
Microsoft Visual Studio Solution File, Format Version 12.00
# Visual Studio 15
VisualStudioVersion = 15.0.27130.2027
MinimumVisualStudioVersion = 10.0.40219.1
Project("{FAE04EC0-301F-11D3-BF4B-00C04F79EFBC}") = "CharacterSheetCreator", "CharacterSheetCreator\CharacterSheetCreator.csproj", "{1689E9FB-1830-4558-B3E3-44E9CA9B781B}"
EndProject
Global
	GlobalSection(SolutionConfigurationPlatforms) = preSolution
		Debug|Any CPU = Debug|Any CPU
		Release|Any CPU = Release|Any CPU
	EndGlobalSection
	GlobalSection(ProjectConfigurationPlatforms) = postSolution
		{1689E9FB-1830-4558-B3E3-44E9CA9B781B}.Debug|Any CPU.ActiveCfg = Debug|Any CPU
		{1689E9FB-1830-4558-B3E3-44E9CA9B781B}.Debug|Any CPU.Build.0 = Debug|Any CPU
		{1689E9FB-1830-4558-B3E3-44E9CA9B781B}.Release|Any CPU.ActiveCfg = Release|Any CPU
		{1689E9FB-1830-4558-B3E3-44E9CA9B781B}.Release|Any CPU.Build.0 = Release|Any CPU
	EndGlobalSection
	GlobalSection(SolutionProperties) = preSolution
		HideSolutionNode = FALSE
	EndGlobalSection
	GlobalSection(ExtensibilityGlobals) = postSolution
		SolutionGuid = {2C4C45F3-76D8-48D8-A233-35813302BD93}
	EndGlobalSection
EndGlobal
